
Microsoft Visual Studio Solution File, Format Version 12.00
# Visual Studio Version 16
VisualStudioVersion = 16.0.31313.79
MinimumVisualStudioVersion = 10.0.40219.1
Project("{FAE04EC0-301F-11D3-BF4B-00C04F79EFBC}") = "Demo", "Demo\Demo.csproj", "{06F13D57-1331-4DBC-AA9C-009022440D02}"
EndProject
Global
	GlobalSection(SolutionConfigurationPlatforms) = preSolution
		Debug|Any CPU = Debug|Any CPU
		Release|Any CPU = Release|Any CPU
	EndGlobalSection
	GlobalSection(ProjectConfigurationPlatforms) = postSolution
		{06F13D57-1331-4DBC-AA9C-009022440D02}.Debug|Any CPU.ActiveCfg = Debug|Any CPU
		{06F13D57-1331-4DBC-AA9C-009022440D02}.Debug|Any CPU.Build.0 = Debug|Any CPU
		{06F13D57-1331-4DBC-AA9C-009022440D02}.Release|Any CPU.ActiveCfg = Release|Any CPU
		{06F13D57-1331-4DBC-AA9C-009022440D02}.Release|Any CPU.Build.0 = Release|Any CPU
	EndGlobalSection
	GlobalSection(SolutionProperties) = preSolution
		HideSolutionNode = FALSE
	EndGlobalSection
	GlobalSection(ExtensibilityGlobals) = postSolution
		SolutionGuid = {E8BF7B4E-EA18-4320-835D-C71109436F50}
	EndGlobalSection
EndGlobal
