
Microsoft Visual Studio Solution File, Format Version 12.00
# Visual Studio Version 16
VisualStudioVersion = 16.0.31313.79
MinimumVisualStudioVersion = 10.0.40219.1
Project("{FAE04EC0-301F-11D3-BF4B-00C04F79EFBC}") = "DemoState", "DemoState\DemoState.csproj", "{9C6A9D7A-62EA-4FAA-9300-DEA7C49899A9}"
EndProject
Global
	GlobalSection(SolutionConfigurationPlatforms) = preSolution
		Debug|Any CPU = Debug|Any CPU
		Release|Any CPU = Release|Any CPU
	EndGlobalSection
	GlobalSection(ProjectConfigurationPlatforms) = postSolution
		{9C6A9D7A-62EA-4FAA-9300-DEA7C49899A9}.Debug|Any CPU.ActiveCfg = Debug|Any CPU
		{9C6A9D7A-62EA-4FAA-9300-DEA7C49899A9}.Debug|Any CPU.Build.0 = Debug|Any CPU
		{9C6A9D7A-62EA-4FAA-9300-DEA7C49899A9}.Release|Any CPU.ActiveCfg = Release|Any CPU
		{9C6A9D7A-62EA-4FAA-9300-DEA7C49899A9}.Release|Any CPU.Build.0 = Release|Any CPU
	EndGlobalSection
	GlobalSection(SolutionProperties) = preSolution
		HideSolutionNode = FALSE
	EndGlobalSection
	GlobalSection(ExtensibilityGlobals) = postSolution
		SolutionGuid = {13025209-6A7D-4C13-8995-A7A0FD9324F5}
	EndGlobalSection
EndGlobal
