
Microsoft Visual Studio Solution File, Format Version 12.00
# Visual Studio Version 16
VisualStudioVersion = 16.0.31313.79
MinimumVisualStudioVersion = 10.0.40219.1
Project("{FAE04EC0-301F-11D3-BF4B-00C04F79EFBC}") = "test", "test\test.csproj", "{A6B94E15-84A1-4C08-B79E-048CE9EE74BD}"
EndProject
Global
	GlobalSection(SolutionConfigurationPlatforms) = preSolution
		Debug|Any CPU = Debug|Any CPU
		Release|Any CPU = Release|Any CPU
	EndGlobalSection
	GlobalSection(ProjectConfigurationPlatforms) = postSolution
		{A6B94E15-84A1-4C08-B79E-048CE9EE74BD}.Debug|Any CPU.ActiveCfg = Debug|Any CPU
		{A6B94E15-84A1-4C08-B79E-048CE9EE74BD}.Debug|Any CPU.Build.0 = Debug|Any CPU
		{A6B94E15-84A1-4C08-B79E-048CE9EE74BD}.Release|Any CPU.ActiveCfg = Release|Any CPU
		{A6B94E15-84A1-4C08-B79E-048CE9EE74BD}.Release|Any CPU.Build.0 = Release|Any CPU
	EndGlobalSection
	GlobalSection(SolutionProperties) = preSolution
		HideSolutionNode = FALSE
	EndGlobalSection
	GlobalSection(ExtensibilityGlobals) = postSolution
		SolutionGuid = {6184C8B1-B632-4D0F-8748-8B69319F823F}
	EndGlobalSection
EndGlobal
